
Microsoft Visual Studio Solution File, Format Version 12.00
# Visual Studio Version 17
VisualStudioVersion = 17.14.36015.10 d17.14
MinimumVisualStudioVersion = 10.0.40219.1
Project("{FAE04EC0-301F-11D3-BF4B-00C04F79EFBC}") = "Wages System", "Wages System\Wages System.csproj", "{D1AC60C8-9CBE-44F8-9B21-C6989F9ED198}"
EndProject
Global
	GlobalSection(SolutionConfigurationPlatforms) = preSolution
		Debug|Any CPU = Debug|Any CPU
		Release|Any CPU = Release|Any CPU
	EndGlobalSection
	GlobalSection(ProjectConfigurationPlatforms) = postSolution
		{D1AC60C8-9CBE-44F8-9B21-C6989F9ED198}.Debug|Any CPU.ActiveCfg = Debug|Any CPU
		{D1AC60C8-9CBE-44F8-9B21-C6989F9ED198}.Debug|Any CPU.Build.0 = Debug|Any CPU
		{D1AC60C8-9CBE-44F8-9B21-C6989F9ED198}.Release|Any CPU.ActiveCfg = Release|Any CPU
		{D1AC60C8-9CBE-44F8-9B21-C6989F9ED198}.Release|Any CPU.Build.0 = Release|Any CPU
	EndGlobalSection
	GlobalSection(SolutionProperties) = preSolution
		HideSolutionNode = FALSE
	EndGlobalSection
	GlobalSection(ExtensibilityGlobals) = postSolution
		SolutionGuid = {258CCC89-29A4-45E9-AA4B-A2D87859ACB4}
	EndGlobalSection
EndGlobal
